# This file is autogenerated, do not edit; changes may be undone by the next 'dep ensure'.


[[projects]]
  name = "github.com/pkg/errors"
  packages = ["."]
  revision = "645ef00459ed84a119197bfb8d8205042c6df63d"
  version = "v0.8.0"

[[projects]]
  branch = "master"
  name = "golang.org/x/net"
  packages = [
    "html",
    "html/atom"
  ]
  revision = "75944861c7512f64725d687546cfbc757626151f"

[solve-meta]
  analyzer-name = "dep"
  analyzer-version = 1
  inputs-digest = "94b0abc1594b629f6b80f4e862a9a54b184b1786921c54a4c1e9059b944099e3"
  solver-name = "gps-cdcl"
  solver-version = 1
